# This file is autogenerated, do not edit; changes may be undone by the next 'dep ensure'.


[[projects]]
  digest = "1:fe9b15f080d19c215514056bae7589d6958821766fb5f5fceb9402ec9df2f736"
  name = "github.com/cenkalti/backoff"
  packages = ["."]
  pruneopts = "UT"
  revision = "18fe4ce5a8550e0d0919b680ad3c080a5455bddf"
  version = "v4.0.2"

[[projects]]
  digest = "1:7e586e92d601350c5e33c745f7d24bbac6840daaf8b9d4cbde31f3668945a3ab"
  name = "github.com/clarketm/go-datadog-api"
  packages = ["."]
  pruneopts = "UT"
  revision = "61c61af2266071e5526f9d176a80ff1e7bb4efd7"
  version = "v2.29.1"

[[projects]]
  digest = "1:09cb61dc19af93deae01587e2fdb1c081e0bf48f1a5ad5fa24f48750dc57dce8"
  name = "github.com/konsorten/go-windows-terminal-sequences"
  packages = ["."]
  pruneopts = "UT"
  revision = "edb144dfd453055e1e49a3d8b410a660b5a87613"
  version = "v1.0.3"

[[projects]]
  digest = "1:05eebdd5727fea23083fce0d98d307d70c86baed644178e81608aaa9f09ea469"
  name = "github.com/sirupsen/logrus"
  packages = ["."]
  pruneopts = "UT"
  revision = "60c74ad9be0d874af0ab0daef6ab07c5c5911f0d"
  version = "v1.6.0"

[[projects]]
  digest = "1:524b71991fc7d9246cc7dc2d9e0886ccb97648091c63e30eef619e6862c955dd"
  name = "github.com/spf13/pflag"
  packages = ["."]
  pruneopts = "UT"
  revision = "2e9d26c8c37aae03e3f9d4e90b7116f5accb7cab"
  version = "v1.0.5"

[[projects]]
  branch = "master"
  digest = "1:83f4f22f3cbb1e50746fa6d88b054f557993bc29422ae0f524d0e85abe7eee75"
  name = "golang.org/x/sys"
  packages = [
    "internal/unsafeheader",
    "unix",
  ]
  pruneopts = "UT"
  revision = "0cf7623e9dbd9bc79267b27a7e6c5757ef550423"

[solve-meta]
  analyzer-name = "dep"
  analyzer-version = 1
  input-imports = [
    "github.com/clarketm/go-datadog-api",
    "github.com/sirupsen/logrus",
    "github.com/spf13/pflag",
  ]
  solver-name = "gps-cdcl"
  solver-version = 1
